PODS:
  - Alamofire (4.0.1)
  - XCGLogger (4.0.0):
    - XCGLogger/Core (= 4.0.0)
  - XCGLogger/Core (4.0.0)

DEPENDENCIES:
  - Alamofire (~> 4.0)
  - XCGLogger (~> 4.0.0)

SPEC CHECKSUMS:
  Alamofire: 7682d43245de14874acd142ec137b144aa1dd335
  XCGLogger: 38063ea89b4c8b23232d18efd2e12eb0005f3ea4

COCOAPODS: 0.39.0
