// !$*UTF8*$!
{
	archiveVersion = 1;
	classes = {
	};
	objectVersion = 46;
	objects = {

/* Begin PBXBuildFile section */
		0A5235159755095834C50FAD /* Pods_AirbnbNanoUITests.framework in Frameworks */ = {isa = PBXBuildFile; fileRef = E214B7FB844719B710527C3D /* Pods_AirbnbNanoUITests.framework */; };
		2B5D53DD1D984A5A00630140 /* Globals.swift in Sources */ = {isa = PBXBuildFile; fileRef = 2B5D53DC1D984A5A00630140 /* Globals.swift */; };
		2B78766A1D977F9D00142678 /* LoginPresenter.swift in Sources */ = {isa = PBXBuildFile; fileRef = 2B7876691D977F9D00142678 /* LoginPresenter.swift */; };
		2B78766E1D97804000142678 /* LoginViewController.swift in Sources */ = {isa = PBXBuildFile; fileRef = 2B78766D1D97804000142678 /* LoginViewController.swift */; };
		2B8F96B51D983D0F00469706 /* Konstants.swift in Sources */ = {isa = PBXBuildFile; fileRef = 2B8F96B41D983D0F00469706 /* Konstants.swift */; };
		2BB116B61D98870B00F6496A /* UserEntity.swift in Sources */ = {isa = PBXBuildFile; fileRef = 2BB116B51D98870B00F6496A /* UserEntity.swift */; };
		2BB116B81D98872900F6496A /* UsersDataStoreProtocol.swift in Sources */ = {isa = PBXBuildFile; fileRef = 2BB116B71D98872900F6496A /* UsersDataStoreProtocol.swift */; };
		2BB116BC1D98881400F6496A /* AppStatusDataStoreProtocol.swift in Sources */ = {isa = PBXBuildFile; fileRef = 2BB116BB1D98881400F6496A /* AppStatusDataStoreProtocol.swift */; };
		2BB116BE1D98894B00F6496A /* LocalAppStatusDataStore.swift in Sources */ = {isa = PBXBuildFile; fileRef = 2BB116BD1D98894B00F6496A /* LocalAppStatusDataStore.swift */; };
		2BB116C81D98979800F6496A /* SessionDataStoreProtocol.swift in Sources */ = {isa = PBXBuildFile; fileRef = 2BB116C71D98979800F6496A /* SessionDataStoreProtocol.swift */; };
		2BB116CA1D9897DB00F6496A /* FacebookSessionDataStore.swift in Sources */ = {isa = PBXBuildFile; fileRef = 2BB116C91D9897DB00F6496A /* FacebookSessionDataStore.swift */; };
		2BB116CC1D989A8B00F6496A /* SessionRepository.swift in Sources */ = {isa = PBXBuildFile; fileRef = 2BB116CB1D989A8B00F6496A /* SessionRepository.swift */; };
		2BD77A9C1D934005007F15FA /* AppDelegate.swift in Sources */ = {isa = PBXBuildFile; fileRef = 2BD77A9B1D934005007F15FA /* AppDelegate.swift */; };
		2BD77AA11D934005007F15FA /* Main.storyboard in Resources */ = {isa = PBXBuildFile; fileRef = 2BD77A9F1D934005007F15FA /* Main.storyboard */; };
		2BD77AA41D934005007F15FA /* AirbnbNano.xcdatamodeld in Sources */ = {isa = PBXBuildFile; fileRef = 2BD77AA21D934005007F15FA /* AirbnbNano.xcdatamodeld */; };
		2BD77AA61D934005007F15FA /* Assets.xcassets in Resources */ = {isa = PBXBuildFile; fileRef = 2BD77AA51D934005007F15FA /* Assets.xcassets */; };
		2BD77AA91D934005007F15FA /* LaunchScreen.storyboard in Resources */ = {isa = PBXBuildFile; fileRef = 2BD77AA71D934005007F15FA /* LaunchScreen.storyboard */; };
		2BD77AB41D934005007F15FA /* AirbnbNanoTests.swift in Sources */ = {isa = PBXBuildFile; fileRef = 2BD77AB31D934005007F15FA /* AirbnbNanoTests.swift */; };
		2BD77ABF1D934005007F15FA /* AirbnbNanoUITests.swift in Sources */ = {isa = PBXBuildFile; fileRef = 2BD77ABE1D934005007F15FA /* AirbnbNanoUITests.swift */; };
		A007D44B0CD9DEE71F65F460 /* Pods_AirbnbNanoTests.framework in Frameworks */ = {isa = PBXBuildFile; fileRef = 9F783EA98847CDF91AAFFEAC /* Pods_AirbnbNanoTests.framework */; };
		F1EF298E84353899C8ECB07B /* Pods_AirbnbNano.framework in Frameworks */ = {isa = PBXBuildFile; fileRef = 957ADFA1B4BB64CC35C8AA45 /* Pods_AirbnbNano.framework */; };
/* End PBXBuildFile section */

/* Begin PBXContainerItemProxy section */
		2BD77AB01D934005007F15FA /* PBXContainerItemProxy */ = {
			isa = PBXContainerItemProxy;
			containerPortal = 2BD77A901D934005007F15FA /* Project object */;
			proxyType = 1;
			remoteGlobalIDString = 2BD77A971D934005007F15FA;
			remoteInfo = AirbnbNano;
		};
		2BD77ABB1D934005007F15FA /* PBXContainerItemProxy */ = {
			isa = PBXContainerItemProxy;
			containerPortal = 2BD77A901D934005007F15FA /* Project object */;
			proxyType = 1;
			remoteGlobalIDString = 2BD77A971D934005007F15FA;
			remoteInfo = AirbnbNano;
		};
/* End PBXContainerItemProxy section */

/* Begin PBXFileReference section */
		03ACBDD2CBB862B8AADEF8BA /* Pods-AirbnbNanoUITests.release.xcconfig */ = {isa = PBXFileReference; includeInIndex = 1; lastKnownFileType = text.xcconfig; name = "Pods-AirbnbNanoUITests.release.xcconfig"; path = "Pods/Target Support Files/Pods-AirbnbNanoUITests/Pods-AirbnbNanoUITests.release.xcconfig"; sourceTree = "<group>"; };
		1240A3CF872B2006357C6843 /* Pods-AirbnbNanoUITests.debug.xcconfig */ = {isa = PBXFileReference; includeInIndex = 1; lastKnownFileType = text.xcconfig; name = "Pods-AirbnbNanoUITests.debug.xcconfig"; path = "Pods/Target Support Files/Pods-AirbnbNanoUITests/Pods-AirbnbNanoUITests.debug.xcconfig"; sourceTree = "<group>"; };
		24B44A1CCFBA00D428926C86 /* Pods-AirbnbNanoTests.release.xcconfig */ = {isa = PBXFileReference; includeInIndex = 1; lastKnownFileType = text.xcconfig; name = "Pods-AirbnbNanoTests.release.xcconfig"; path = "Pods/Target Support Files/Pods-AirbnbNanoTests/Pods-AirbnbNanoTests.release.xcconfig"; sourceTree = "<group>"; };
		2B57E5691D99048500CA8D65 /* AirbnbNano.entitlements */ = {isa = PBXFileReference; lastKnownFileType = text.plist.entitlements; path = AirbnbNano.entitlements; sourceTree = "<group>"; };
		2B5D53DC1D984A5A00630140 /* Globals.swift */ = {isa = PBXFileReference; fileEncoding = 4; lastKnownFileType = sourcecode.swift; path = Globals.swift; sourceTree = "<group>"; };
		2B7876691D977F9D00142678 /* LoginPresenter.swift */ = {isa = PBXFileReference; fileEncoding = 4; lastKnownFileType = sourcecode.swift; name = LoginPresenter.swift; path = Presentation/Login/LoginPresenter.swift; sourceTree = "<group>"; };
		2B78766D1D97804000142678 /* LoginViewController.swift */ = {isa = PBXFileReference; fileEncoding = 4; lastKnownFileType = sourcecode.swift; name = LoginViewController.swift; path = Presentation/Login/LoginViewController.swift; sourceTree = "<group>"; };
		2B8F96B41D983D0F00469706 /* Konstants.swift */ = {isa = PBXFileReference; fileEncoding = 4; lastKnownFileType = sourcecode.swift; path = Konstants.swift; sourceTree = "<group>"; };
		2BB116B51D98870B00F6496A /* UserEntity.swift */ = {isa = PBXFileReference; fileEncoding = 4; lastKnownFileType = sourcecode.swift; name = UserEntity.swift; path = Core/Users/UserEntity.swift; sourceTree = "<group>"; };
		2BB116B71D98872900F6496A /* UsersDataStoreProtocol.swift */ = {isa = PBXFileReference; fileEncoding = 4; lastKnownFileType = sourcecode.swift; name = UsersDataStoreProtocol.swift; path = Core/Users/DataStores/UsersDataStoreProtocol.swift; sourceTree = "<group>"; };
		2BB116BB1D98881400F6496A /* AppStatusDataStoreProtocol.swift */ = {isa = PBXFileReference; fileEncoding = 4; lastKnownFileType = sourcecode.swift; name = AppStatusDataStoreProtocol.swift; path = Core/AppStatus/DataStores/AppStatusDataStoreProtocol.swift; sourceTree = "<group>"; };
		2BB116BD1D98894B00F6496A /* LocalAppStatusDataStore.swift */ = {isa = PBXFileReference; fileEncoding = 4; lastKnownFileType = sourcecode.swift; name = LocalAppStatusDataStore.swift; path = Core/AppStatus/DataStores/LocalAppStatusDataStore.swift; sourceTree = "<group>"; };
		2BB116C71D98979800F6496A /* SessionDataStoreProtocol.swift */ = {isa = PBXFileReference; fileEncoding = 4; lastKnownFileType = sourcecode.swift; name = SessionDataStoreProtocol.swift; path = Core/Session/DataStores/SessionDataStoreProtocol.swift; sourceTree = "<group>"; };
		2BB116C91D9897DB00F6496A /* FacebookSessionDataStore.swift */ = {isa = PBXFileReference; fileEncoding = 4; lastKnownFileType = sourcecode.swift; name = FacebookSessionDataStore.swift; path = Core/Session/DataStores/FacebookSessionDataStore.swift; sourceTree = "<group>"; };
		2BB116CB1D989A8B00F6496A /* SessionRepository.swift */ = {isa = PBXFileReference; fileEncoding = 4; lastKnownFileType = sourcecode.swift; name = SessionRepository.swift; path = Core/Session/SessionRepository.swift; sourceTree = "<group>"; };
		2BD77A981D934005007F15FA /* AirbnbNano.app */ = {isa = PBXFileReference; explicitFileType = wrapper.application; includeInIndex = 0; path = AirbnbNano.app; sourceTree = BUILT_PRODUCTS_DIR; };
		2BD77A9B1D934005007F15FA /* AppDelegate.swift */ = {isa = PBXFileReference; lastKnownFileType = sourcecode.swift; path = AppDelegate.swift; sourceTree = "<group>"; };
		2BD77AA01D934005007F15FA /* Base */ = {isa = PBXFileReference; lastKnownFileType = file.storyboard; name = Base; path = Base.lproj/Main.storyboard; sourceTree = "<group>"; };
		2BD77AA31D934005007F15FA /* AirbnbNano.xcdatamodel */ = {isa = PBXFileReference; lastKnownFileType = wrapper.xcdatamodel; path = AirbnbNano.xcdatamodel; sourceTree = "<group>"; };
		2BD77AA51D934005007F15FA /* Assets.xcassets */ = {isa = PBXFileReference; lastKnownFileType = folder.assetcatalog; path = Assets.xcassets; sourceTree = "<group>"; };
		2BD77AA81D934005007F15FA /* Base */ = {isa = PBXFileReference; lastKnownFileType = file.storyboard; name = Base; path = Base.lproj/LaunchScreen.storyboard; sourceTree = "<group>"; };
		2BD77AAA1D934005007F15FA /* Info.plist */ = {isa = PBXFileReference; lastKnownFileType = text.plist.xml; path = Info.plist; sourceTree = "<group>"; };
		2BD77AAF1D934005007F15FA /* AirbnbNanoTests.xctest */ = {isa = PBXFileReference; explicitFileType = wrapper.cfbundle; includeInIndex = 0; path = AirbnbNanoTests.xctest; sourceTree = BUILT_PRODUCTS_DIR; };
		2BD77AB31D934005007F15FA /* AirbnbNanoTests.swift */ = {isa = PBXFileReference; lastKnownFileType = sourcecode.swift; path = AirbnbNanoTests.swift; sourceTree = "<group>"; };
		2BD77AB51D934005007F15FA /* Info.plist */ = {isa = PBXFileReference; lastKnownFileType = text.plist.xml; path = Info.plist; sourceTree = "<group>"; };
		2BD77ABA1D934005007F15FA /* AirbnbNanoUITests.xctest */ = {isa = PBXFileReference; explicitFileType = wrapper.cfbundle; includeInIndex = 0; path = AirbnbNanoUITests.xctest; sourceTree = BUILT_PRODUCTS_DIR; };
		2BD77ABE1D934005007F15FA /* AirbnbNanoUITests.swift */ = {isa = PBXFileReference; lastKnownFileType = sourcecode.swift; path = AirbnbNanoUITests.swift; sourceTree = "<group>"; };
		2BD77AC01D934005007F15FA /* Info.plist */ = {isa = PBXFileReference; lastKnownFileType = text.plist.xml; path = Info.plist; sourceTree = "<group>"; };
		42770201F982D860092AC8A5 /* Pods.framework */ = {isa = PBXFileReference; explicitFileType = wrapper.framework; includeInIndex = 0; path = Pods.framework; sourceTree = BUILT_PRODUCTS_DIR; };
		4EEFA7346C9D8E259C783A92 /* Pods-AirbnbNano.debug.xcconfig */ = {isa = PBXFileReference; includeInIndex = 1; lastKnownFileType = text.xcconfig; name = "Pods-AirbnbNano.debug.xcconfig"; path = "Pods/Target Support Files/Pods-AirbnbNano/Pods-AirbnbNano.debug.xcconfig"; sourceTree = "<group>"; };
		7B9FBEFDA125B51F439D13C1 /* Pods-AirbnbNano.release.xcconfig */ = {isa = PBXFileReference; includeInIndex = 1; lastKnownFileType = text.xcconfig; name = "Pods-AirbnbNano.release.xcconfig"; path = "Pods/Target Support Files/Pods-AirbnbNano/Pods-AirbnbNano.release.xcconfig"; sourceTree = "<group>"; };
		84A695C79266B92664E2D4F4 /* Pods-AirbnbNanoTests.debug.xcconfig */ = {isa = PBXFileReference; includeInIndex = 1; lastKnownFileType = text.xcconfig; name = "Pods-AirbnbNanoTests.debug.xcconfig"; path = "Pods/Target Support Files/Pods-AirbnbNanoTests/Pods-AirbnbNanoTests.debug.xcconfig"; sourceTree = "<group>"; };
		957ADFA1B4BB64CC35C8AA45 /* Pods_AirbnbNano.framework */ = {isa = PBXFileReference; explicitFileType = wrapper.framework; includeInIndex = 0; path = Pods_AirbnbNano.framework; sourceTree = BUILT_PRODUCTS_DIR; };
		9F783EA98847CDF91AAFFEAC /* Pods_AirbnbNanoTests.framework */ = {isa = PBXFileReference; explicitFileType = wrapper.framework; includeInIndex = 0; path = Pods_AirbnbNanoTests.framework; sourceTree = BUILT_PRODUCTS_DIR; };
		E214B7FB844719B710527C3D /* Pods_AirbnbNanoUITests.framework */ = {isa = PBXFileReference; explicitFileType = wrapper.framework; includeInIndex = 0; path = Pods_AirbnbNanoUITests.framework; sourceTree = BUILT_PRODUCTS_DIR; };
/* End PBXFileReference section */

/* Begin PBXFrameworksBuildPhase section */
		2BD77A951D934005007F15FA /* Frameworks */ = {
			isa = PBXFrameworksBuildPhase;
			buildActionMask = 2147483647;
			files = (
				F1EF298E84353899C8ECB07B /* Pods_AirbnbNano.framework in Frameworks */,
			);
			runOnlyForDeploymentPostprocessing = 0;
		};
		2BD77AAC1D934005007F15FA /* Frameworks */ = {
			isa = PBXFrameworksBuildPhase;
			buildActionMask = 2147483647;
			files = (
				A007D44B0CD9DEE71F65F460 /* Pods_AirbnbNanoTests.framework in Frameworks */,
			);
			runOnlyForDeploymentPostprocessing = 0;
		};
		2BD77AB71D934005007F15FA /* Frameworks */ = {
			isa = PBXFrameworksBuildPhase;
			buildActionMask = 2147483647;
			files = (
				0A5235159755095834C50FAD /* Pods_AirbnbNanoUITests.framework in Frameworks */,
			);
			runOnlyForDeploymentPostprocessing = 0;
		};
/* End PBXFrameworksBuildPhase section */

/* Begin PBXGroup section */
		2B7876651D977CCB00142678 /* Presentation */ = {
			isa = PBXGroup;
			children = (
				2BD77A9F1D934005007F15FA /* Main.storyboard */,
				2B7876681D977E5300142678 /* Login */,
			);
			name = Presentation;
			sourceTree = "<group>";
		};
		2B7876661D977CD100142678 /* Core */ = {
			isa = PBXGroup;
			children = (
				2BB116C51D98977E00F6496A /* Session */,
				2BB116B91D9887EF00F6496A /* AppStatus */,
				2BB116B21D98864200F6496A /* Users */,
				2BB116B31D98864800F6496A /* Listings */,
			);
			name = Core;
			sourceTree = "<group>";
		};
		2B7876671D977CD500142678 /* Helpers */ = {
			isa = PBXGroup;
			children = (
			);
			name = Helpers;
			sourceTree = "<group>";
		};
		2B7876681D977E5300142678 /* Login */ = {
			isa = PBXGroup;
			children = (
				2B7876691D977F9D00142678 /* LoginPresenter.swift */,
				2B78766D1D97804000142678 /* LoginViewController.swift */,
			);
			name = Login;
			sourceTree = "<group>";
		};
		2BB116B21D98864200F6496A /* Users */ = {
			isa = PBXGroup;
			children = (
				2BB116B51D98870B00F6496A /* UserEntity.swift */,
				2BB116B41D98869500F6496A /* DataStores */,
			);
			name = Users;
			sourceTree = "<group>";
		};
		2BB116B31D98864800F6496A /* Listings */ = {
			isa = PBXGroup;
			children = (
			);
			name = Listings;
			sourceTree = "<group>";
		};
		2BB116B41D98869500F6496A /* DataStores */ = {
			isa = PBXGroup;
			children = (
				2BB116B71D98872900F6496A /* UsersDataStoreProtocol.swift */,
			);
			name = DataStores;
			sourceTree = "<group>";
		};
		2BB116B91D9887EF00F6496A /* AppStatus */ = {
			isa = PBXGroup;
			children = (
				2BB116BA1D9887FA00F6496A /* DataStores */,
			);
			name = AppStatus;
			sourceTree = "<group>";
		};
		2BB116BA1D9887FA00F6496A /* DataStores */ = {
			isa = PBXGroup;
			children = (
				2BB116BB1D98881400F6496A /* AppStatusDataStoreProtocol.swift */,
				2BB116BD1D98894B00F6496A /* LocalAppStatusDataStore.swift */,
			);
			name = DataStores;
			sourceTree = "<group>";
		};
		2BB116C51D98977E00F6496A /* Session */ = {
			isa = PBXGroup;
			children = (
				2BB116CB1D989A8B00F6496A /* SessionRepository.swift */,
				2BB116C61D98978200F6496A /* DataStores */,
			);
			name = Session;
			sourceTree = "<group>";
		};
		2BB116C61D98978200F6496A /* DataStores */ = {
			isa = PBXGroup;
			children = (
				2BB116C71D98979800F6496A /* SessionDataStoreProtocol.swift */,
				2BB116C91D9897DB00F6496A /* FacebookSessionDataStore.swift */,
			);
			name = DataStores;
			sourceTree = "<group>";
		};
		2BD77A8F1D934005007F15FA = {
			isa = PBXGroup;
			children = (
				2BD77A9A1D934005007F15FA /* AirbnbNano */,
				2BD77AB21D934005007F15FA /* AirbnbNanoTests */,
				2BD77ABD1D934005007F15FA /* AirbnbNanoUITests */,
				2BD77A991D934005007F15FA /* Products */,
				B0EC4BF1D6F8FD4A56AE23CA /* Frameworks */,
				5D8CF90B50B1445D3E292100 /* Pods */,
			);
			sourceTree = "<group>";
		};
		2BD77A991D934005007F15FA /* Products */ = {
			isa = PBXGroup;
			children = (
				2BD77A981D934005007F15FA /* AirbnbNano.app */,
				2BD77AAF1D934005007F15FA /* AirbnbNanoTests.xctest */,
				2BD77ABA1D934005007F15FA /* AirbnbNanoUITests.xctest */,
			);
			name = Products;
			sourceTree = "<group>";
		};
		2BD77A9A1D934005007F15FA /* AirbnbNano */ = {
			isa = PBXGroup;
			children = (
				2B57E5691D99048500CA8D65 /* AirbnbNano.entitlements */,
				2BD77A9B1D934005007F15FA /* AppDelegate.swift */,
				2B7876651D977CCB00142678 /* Presentation */,
				2B7876661D977CD100142678 /* Core */,
				2B7876671D977CD500142678 /* Helpers */,
				2BD77AA51D934005007F15FA /* Assets.xcassets */,
				2BD77AA71D934005007F15FA /* LaunchScreen.storyboard */,
				2BD77AAA1D934005007F15FA /* Info.plist */,
				2BD77AA21D934005007F15FA /* AirbnbNano.xcdatamodeld */,
				2B8F96B41D983D0F00469706 /* Konstants.swift */,
				2B5D53DC1D984A5A00630140 /* Globals.swift */,
			);
			path = AirbnbNano;
			sourceTree = "<group>";
		};
		2BD77AB21D934005007F15FA /* AirbnbNanoTests */ = {
			isa = PBXGroup;
			children = (
				2BD77AB31D934005007F15FA /* AirbnbNanoTests.swift */,
				2BD77AB51D934005007F15FA /* Info.plist */,
			);
			path = AirbnbNanoTests;
			sourceTree = "<group>";
		};
		2BD77ABD1D934005007F15FA /* AirbnbNanoUITests */ = {
			isa = PBXGroup;
			children = (
				2BD77ABE1D934005007F15FA /* AirbnbNanoUITests.swift */,
				2BD77AC01D934005007F15FA /* Info.plist */,
			);
			path = AirbnbNanoUITests;
			sourceTree = "<group>";
		};
		5D8CF90B50B1445D3E292100 /* Pods */ = {
			isa = PBXGroup;
			children = (
				4EEFA7346C9D8E259C783A92 /* Pods-AirbnbNano.debug.xcconfig */,
				7B9FBEFDA125B51F439D13C1 /* Pods-AirbnbNano.release.xcconfig */,
				84A695C79266B92664E2D4F4 /* Pods-AirbnbNanoTests.debug.xcconfig */,
				24B44A1CCFBA00D428926C86 /* Pods-AirbnbNanoTests.release.xcconfig */,
				1240A3CF872B2006357C6843 /* Pods-AirbnbNanoUITests.debug.xcconfig */,
				03ACBDD2CBB862B8AADEF8BA /* Pods-AirbnbNanoUITests.release.xcconfig */,
			);
			name = Pods;
			sourceTree = "<group>";
		};
		B0EC4BF1D6F8FD4A56AE23CA /* Frameworks */ = {
			isa = PBXGroup;
			children = (
				42770201F982D860092AC8A5 /* Pods.framework */,
				957ADFA1B4BB64CC35C8AA45 /* Pods_AirbnbNano.framework */,
				9F783EA98847CDF91AAFFEAC /* Pods_AirbnbNanoTests.framework */,
				E214B7FB844719B710527C3D /* Pods_AirbnbNanoUITests.framework */,
			);
			name = Frameworks;
			sourceTree = "<group>";
		};
/* End PBXGroup section */

/* Begin PBXNativeTarget section */
		2BD77A971D934005007F15FA /* AirbnbNano */ = {
			isa = PBXNativeTarget;
			buildConfigurationList = 2BD77AC31D934005007F15FA /* Build configuration list for PBXNativeTarget "AirbnbNano" */;
			buildPhases = (
				77BE928DF4ED488D411822E5 /* [CP] Check Pods Manifest.lock */,
				2BD77A941D934005007F15FA /* Sources */,
				2BD77A951D934005007F15FA /* Frameworks */,
				2BD77A961D934005007F15FA /* Resources */,
				E252CD639E5C4AC2C3C297F0 /* [CP] Embed Pods Frameworks */,
				C1D36318D2842F8EC98674EE /* [CP] Copy Pods Resources */,
			);
			buildRules = (
			);
			dependencies = (
			);
			name = AirbnbNano;
			productName = AirbnbNano;
			productReference = 2BD77A981D934005007F15FA /* AirbnbNano.app */;
			productType = "com.apple.product-type.application";
		};
		2BD77AAE1D934005007F15FA /* AirbnbNanoTests */ = {
			isa = PBXNativeTarget;
			buildConfigurationList = 2BD77AC61D934005007F15FA /* Build configuration list for PBXNativeTarget "AirbnbNanoTests" */;
			buildPhases = (
				C83C213DEF6A3E35674AFB2A /* [CP] Check Pods Manifest.lock */,
				2BD77AAB1D934005007F15FA /* Sources */,
				2BD77AAC1D934005007F15FA /* Frameworks */,
				2BD77AAD1D934005007F15FA /* Resources */,
				26AFCD97C3A59F4EE582DC2D /* [CP] Embed Pods Frameworks */,
				C565ED639172E59039E2D670 /* [CP] Copy Pods Resources */,
			);
			buildRules = (
			);
			dependencies = (
				2BD77AB11D934005007F15FA /* PBXTargetDependency */,
			);
			name = AirbnbNanoTests;
			productName = AirbnbNanoTests;
			productReference = 2BD77AAF1D934005007F15FA /* AirbnbNanoTests.xctest */;
			productType = "com.apple.product-type.bundle.unit-test";
		};
		2BD77AB91D934005007F15FA /* AirbnbNanoUITests */ = {
			isa = PBXNativeTarget;
			buildConfigurationList = 2BD77AC91D934005007F15FA /* Build configuration list for PBXNativeTarget "AirbnbNanoUITests" */;
			buildPhases = (
				C0BF061769D9D86D1254AF21 /* [CP] Check Pods Manifest.lock */,
				2BD77AB61D934005007F15FA /* Sources */,
				2BD77AB71D934005007F15FA /* Frameworks */,
				2BD77AB81D934005007F15FA /* Resources */,
				505BF7968E258C11CF9ADD0F /* [CP] Copy Pods Resources */,
			);
			buildRules = (
			);
			dependencies = (
				2BD77ABC1D934005007F15FA /* PBXTargetDependency */,
			);
			name = AirbnbNanoUITests;
			productName = AirbnbNanoUITests;
			productReference = 2BD77ABA1D934005007F15FA /* AirbnbNanoUITests.xctest */;
			productType = "com.apple.product-type.bundle.ui-testing";
		};
/* End PBXNativeTarget section */

/* Begin PBXProject section */
		2BD77A901D934005007F15FA /* Project object */ = {
			isa = PBXProject;
			attributes = {
				LastSwiftUpdateCheck = 0800;
				LastUpgradeCheck = 0800;
				ORGANIZATIONNAME = zheref;
				TargetAttributes = {
					2BD77A971D934005007F15FA = {
						CreatedOnToolsVersion = 8.0;
						DevelopmentTeam = AQUE4FE98B;
						ProvisioningStyle = Automatic;
						SystemCapabilities = {
							com.apple.Keychain = {
								enabled = 1;
							};
						};
					};
					2BD77AAE1D934005007F15FA = {
						CreatedOnToolsVersion = 8.0;
						DevelopmentTeam = AQUE4FE98B;
						ProvisioningStyle = Automatic;
						TestTargetID = 2BD77A971D934005007F15FA;
					};
					2BD77AB91D934005007F15FA = {
						CreatedOnToolsVersion = 8.0;
						DevelopmentTeam = AQUE4FE98B;
						ProvisioningStyle = Automatic;
						TestTargetID = 2BD77A971D934005007F15FA;
					};
				};
			};
			buildConfigurationList = 2BD77A931D934005007F15FA /* Build configuration list for PBXProject "AirbnbNano" */;
			compatibilityVersion = "Xcode 3.2";
			developmentRegion = English;
			hasScannedForEncodings = 0;
			knownRegions = (
				en,
				Base,
			);
			mainGroup = 2BD77A8F1D934005007F15FA;
			productRefGroup = 2BD77A991D934005007F15FA /* Products */;
			projectDirPath = "";
			projectRoot = "";
			targets = (
				2BD77A971D934005007F15FA /* AirbnbNano */,
				2BD77AAE1D934005007F15FA /* AirbnbNanoTests */,
				2BD77AB91D934005007F15FA /* AirbnbNanoUITests */,
			);
		};
/* End PBXProject section */

/* Begin PBXResourcesBuildPhase section */
		2BD77A961D934005007F15FA /* Resources */ = {
			isa = PBXResourcesBuildPhase;
			buildActionMask = 2147483647;
			files = (
				2BD77AA91D934005007F15FA /* LaunchScreen.storyboard in Resources */,
				2BD77AA61D934005007F15FA /* Assets.xcassets in Resources */,
				2BD77AA11D934005007F15FA /* Main.storyboard in Resources */,
			);
			runOnlyForDeploymentPostprocessing = 0;
		};
		2BD77AAD1D934005007F15FA /* Resources */ = {
			isa = PBXResourcesBuildPhase;
			buildActionMask = 2147483647;
			files = (
			);
			runOnlyForDeploymentPostprocessing = 0;
		};
		2BD77AB81D934005007F15FA /* Resources */ = {
			isa = PBXResourcesBuildPhase;
			buildActionMask = 2147483647;
			files = (
			);
			runOnlyForDeploymentPostprocessing = 0;
		};
/* End PBXResourcesBuildPhase section */

/* Begin PBXShellScriptBuildPhase section */
		26AFCD97C3A59F4EE582DC2D /* [CP] Embed Pods Frameworks */ = {
			isa = PBXShellScriptBuildPhase;
			buildActionMask = 2147483647;
			files = (
			);
			inputPaths = (
			);
			name = "[CP] Embed Pods Frameworks";
			outputPaths = (
			);
			runOnlyForDeploymentPostprocessing = 0;
			shellPath = /bin/sh;
			shellScript = "\"${SRCROOT}/Pods/Target Support Files/Pods-AirbnbNanoTests/Pods-AirbnbNanoTests-frameworks.sh\"\n";
			showEnvVarsInLog = 0;
		};
		505BF7968E258C11CF9ADD0F /* [CP] Copy Pods Resources */ = {
			isa = PBXShellScriptBuildPhase;
			buildActionMask = 2147483647;
			files = (
			);
			inputPaths = (
			);
			name = "[CP] Copy Pods Resources";
			outputPaths = (
			);
			runOnlyForDeploymentPostprocessing = 0;
			shellPath = /bin/sh;
			shellScript = "\"${SRCROOT}/Pods/Target Support Files/Pods-AirbnbNanoUITests/Pods-AirbnbNanoUITests-resources.sh\"\n";
			showEnvVarsInLog = 0;
		};
		77BE928DF4ED488D411822E5 /* [CP] Check Pods Manifest.lock */ = {
			isa = PBXShellScriptBuildPhase;
			buildActionMask = 2147483647;
			files = (
			);
			inputPaths = (
			);
			name = "[CP] Check Pods Manifest.lock";
			outputPaths = (
			);
			runOnlyForDeploymentPostprocessing = 0;
			shellPath = /bin/sh;
			shellScript = "diff \"${PODS_ROOT}/../Podfile.lock\" \"${PODS_ROOT}/Manifest.lock\" > /dev/null\nif [[ $? != 0 ]] ; then\n    cat << EOM\nerror: The sandbox is not in sync with the Podfile.lock. Run 'pod install' or update your CocoaPods installation.\nEOM\n    exit 1\nfi\n";
			showEnvVarsInLog = 0;
		};
		C0BF061769D9D86D1254AF21 /* [CP] Check Pods Manifest.lock */ = {
			isa = PBXShellScriptBuildPhase;
			buildActionMask = 2147483647;
			files = (
			);
			inputPaths = (
			);
			name = "[CP] Check Pods Manifest.lock";
			outputPaths = (
			);
			runOnlyForDeploymentPostprocessing = 0;
			shellPath = /bin/sh;
			shellScript = "diff \"${PODS_ROOT}/../Podfile.lock\" \"${PODS_ROOT}/Manifest.lock\" > /dev/null\nif [[ $? != 0 ]] ; then\n    cat << EOM\nerror: The sandbox is not in sync with the Podfile.lock. Run 'pod install' or update your CocoaPods installation.\nEOM\n    exit 1\nfi\n";
			showEnvVarsInLog = 0;
		};
		C1D36318D2842F8EC98674EE /* [CP] Copy Pods Resources */ = {
			isa = PBXShellScriptBuildPhase;
			buildActionMask = 2147483647;
			files = (
			);
			inputPaths = (
			);
			name = "[CP] Copy Pods Resources";
			outputPaths = (
			);
			runOnlyForDeploymentPostprocessing = 0;
			shellPath = /bin/sh;
			shellScript = "\"${SRCROOT}/Pods/Target Support Files/Pods-AirbnbNano/Pods-AirbnbNano-resources.sh\"\n";
			showEnvVarsInLog = 0;
		};
		C565ED639172E59039E2D670 /* [CP] Copy Pods Resources */ = {
			isa = PBXShellScriptBuildPhase;
			buildActionMask = 2147483647;
			files = (
			);
			inputPaths = (
			);
			name = "[CP] Copy Pods Resources";
			outputPaths = (
			);
			runOnlyForDeploymentPostprocessing = 0;
			shellPath = /bin/sh;
			shellScript = "\"${SRCROOT}/Pods/Target Support Files/Pods-AirbnbNanoTests/Pods-AirbnbNanoTests-resources.sh\"\n";
			showEnvVarsInLog = 0;
		};
		C83C213DEF6A3E35674AFB2A /* [CP] Check Pods Manifest.lock */ = {
			isa = PBXShellScriptBuildPhase;
			buildActionMask = 2147483647;
			files = (
			);
			inputPaths = (
			);
			name = "[CP] Check Pods Manifest.lock";
			outputPaths = (
			);
			runOnlyForDeploymentPostprocessing = 0;
			shellPath = /bin/sh;
			shellScript = "diff \"${PODS_ROOT}/../Podfile.lock\" \"${PODS_ROOT}/Manifest.lock\" > /dev/null\nif [[ $? != 0 ]] ; then\n    cat << EOM\nerror: The sandbox is not in sync with the Podfile.lock. Run 'pod install' or update your CocoaPods installation.\nEOM\n    exit 1\nfi\n";
			showEnvVarsInLog = 0;
		};
		E252CD639E5C4AC2C3C297F0 /* [CP] Embed Pods Frameworks */ = {
			isa = PBXShellScriptBuildPhase;
			buildActionMask = 2147483647;
			files = (
			);
			inputPaths = (
			);
			name = "[CP] Embed Pods Frameworks";
			outputPaths = (
			);
			runOnlyForDeploymentPostprocessing = 0;
			shellPath = /bin/sh;
			shellScript = "\"${SRCROOT}/Pods/Target Support Files/Pods-AirbnbNano/Pods-AirbnbNano-frameworks.sh\"\n";
			showEnvVarsInLog = 0;
		};
/* End PBXShellScriptBuildPhase section */

/* Begin PBXSourcesBuildPhase section */
		2BD77A941D934005007F15FA /* Sources */ = {
			isa = PBXSourcesBuildPhase;
			buildActionMask = 2147483647;
			files = (
				2B78766A1D977F9D00142678 /* LoginPresenter.swift in Sources */,
				2BB116CC1D989A8B00F6496A /* SessionRepository.swift in Sources */,
				2BD77AA41D934005007F15FA /* AirbnbNano.xcdatamodeld in Sources */,
				2BB116B81D98872900F6496A /* UsersDataStoreProtocol.swift in Sources */,
				2BB116BC1D98881400F6496A /* AppStatusDataStoreProtocol.swift in Sources */,
				2B8F96B51D983D0F00469706 /* Konstants.swift in Sources */,
				2B78766E1D97804000142678 /* LoginViewController.swift in Sources */,
				2BB116CA1D9897DB00F6496A /* FacebookSessionDataStore.swift in Sources */,
				2BB116B61D98870B00F6496A /* UserEntity.swift in Sources */,
				2BB116C81D98979800F6496A /* SessionDataStoreProtocol.swift in Sources */,
				2BB116BE1D98894B00F6496A /* LocalAppStatusDataStore.swift in Sources */,
				2B5D53DD1D984A5A00630140 /* Globals.swift in Sources */,
				2BD77A9C1D934005007F15FA /* AppDelegate.swift in Sources */,
			);
			runOnlyForDeploymentPostprocessing = 0;
		};
		2BD77AAB1D934005007F15FA /* Sources */ = {
			isa = PBXSourcesBuildPhase;
			buildActionMask = 2147483647;
			files = (
				2BD77AB41D934005007F15FA /* AirbnbNanoTests.swift in Sources */,
			);
			runOnlyForDeploymentPostprocessing = 0;
		};
		2BD77AB61D934005007F15FA /* Sources */ = {
			isa = PBXSourcesBuildPhase;
			buildActionMask = 2147483647;
			files = (
				2BD77ABF1D934005007F15FA /* AirbnbNanoUITests.swift in Sources */,
			);
			runOnlyForDeploymentPostprocessing = 0;
		};
/* End PBXSourcesBuildPhase section */

/* Begin PBXTargetDependency section */
		2BD77AB11D934005007F15FA /* PBXTargetDependency */ = {
			isa = PBXTargetDependency;
			target = 2BD77A971D934005007F15FA /* AirbnbNano */;
			targetProxy = 2BD77AB01D934005007F15FA /* PBXContainerItemProxy */;
		};
		2BD77ABC1D934005007F15FA /* PBXTargetDependency */ = {
			isa = PBXTargetDependency;
			target = 2BD77A971D934005007F15FA /* AirbnbNano */;
			targetProxy = 2BD77ABB1D934005007F15FA /* PBXContainerItemProxy */;
		};
/* End PBXTargetDependency section */

/* Begin PBXVariantGroup section */
		2BD77A9F1D934005007F15FA /* Main.storyboard */ = {
			isa = PBXVariantGroup;
			children = (
				2BD77AA01D934005007F15FA /* Base */,
			);
			name = Main.storyboard;
			sourceTree = "<group>";
		};
		2BD77AA71D934005007F15FA /* LaunchScreen.storyboard */ = {
			isa = PBXVariantGroup;
			children = (
				2BD77AA81D934005007F15FA /* Base */,
			);
			name = LaunchScreen.storyboard;
			sourceTree = "<group>";
		};
/* End PBXVariantGroup section */

/* Begin XCBuildConfiguration section */
		2BD77AC11D934005007F15FA /* Debug */ = {
			isa = XCBuildConfiguration;
			buildSettings = {
				ALWAYS_SEARCH_USER_PATHS = NO;
				CLANG_ANALYZER_NONNULL = YES;
				CLANG_CXX_LANGUAGE_STANDARD = "gnu++0x";
				CLANG_CXX_LIBRARY = "libc++";
				CLANG_ENABLE_MODULES = YES;
				CLANG_ENABLE_OBJC_ARC = YES;
				CLANG_WARN_BOOL_CONVERSION = YES;
				CLANG_WARN_CONSTANT_CONVERSION = YES;
				CLANG_WARN_DIRECT_OBJC_ISA_USAGE = YES_ERROR;
				CLANG_WARN_DOCUMENTATION_COMMENTS = YES;
				CLANG_WARN_EMPTY_BODY = YES;
				CLANG_WARN_ENUM_CONVERSION = YES;
				CLANG_WARN_INFINITE_RECURSION = YES;
				CLANG_WARN_INT_CONVERSION = YES;
				CLANG_WARN_OBJC_ROOT_CLASS = YES_ERROR;
				CLANG_WARN_SUSPICIOUS_MOVES = YES;
				CLANG_WARN_UNREACHABLE_CODE = YES;
				CLANG_WARN__DUPLICATE_METHOD_MATCH = YES;
				"CODE_SIGN_IDENTITY[sdk=iphoneos*]" = "iPhone Developer";
				COPY_PHASE_STRIP = NO;
				DEBUG_INFORMATION_FORMAT = dwarf;
				ENABLE_STRICT_OBJC_MSGSEND = YES;
				ENABLE_TESTABILITY = YES;
				GCC_C_LANGUAGE_STANDARD = gnu99;
				GCC_DYNAMIC_NO_PIC = NO;
				GCC_NO_COMMON_BLOCKS = YES;
				GCC_OPTIMIZATION_LEVEL = 0;
				GCC_PREPROCESSOR_DEFINITIONS = (
					"DEBUG=1",
					"$(inherited)",
				);
				GCC_WARN_64_TO_32_BIT_CONVERSION = YES;
				GCC_WARN_ABOUT_RETURN_TYPE = YES_ERROR;
				GCC_WARN_UNDECLARED_SELECTOR = YES;
				GCC_WARN_UNINITIALIZED_AUTOS = YES_AGGRESSIVE;
				GCC_WARN_UNUSED_FUNCTION = YES;
				GCC_WARN_UNUSED_VARIABLE = YES;
				IPHONEOS_DEPLOYMENT_TARGET = 10.0;
				MTL_ENABLE_DEBUG_INFO = YES;
				ONLY_ACTIVE_ARCH = YES;
				SDKROOT = iphoneos;
				SWIFT_ACTIVE_COMPILATION_CONDITIONS = DEBUG;
				SWIFT_OPTIMIZATION_LEVEL = "-Onone";
				TARGETED_DEVICE_FAMILY = "1,2";
			};
			name = Debug;
		};
		2BD77AC21D934005007F15FA /* Release */ = {
			isa = XCBuildConfiguration;
			buildSettings = {
				ALWAYS_SEARCH_USER_PATHS = NO;
				CLANG_ANALYZER_NONNULL = YES;
				CLANG_CXX_LANGUAGE_STANDARD = "gnu++0x";
				CLANG_CXX_LIBRARY = "libc++";
				CLANG_ENABLE_MODULES = YES;
				CLANG_ENABLE_OBJC_ARC = YES;
				CLANG_WARN_BOOL_CONVERSION = YES;
				CLANG_WARN_CONSTANT_CONVERSION = YES;
				CLANG_WARN_DIRECT_OBJC_ISA_USAGE = YES_ERROR;
				CLANG_WARN_DOCUMENTATION_COMMENTS = YES;
				CLANG_WARN_EMPTY_BODY = YES;
				CLANG_WARN_ENUM_CONVERSION = YES;
				CLANG_WARN_INFINITE_RECURSION = YES;
				CLANG_WARN_INT_CONVERSION = YES;
				CLANG_WARN_OBJC_ROOT_CLASS = YES_ERROR;
				CLANG_WARN_SUSPICIOUS_MOVES = YES;
				CLANG_WARN_UNREACHABLE_CODE = YES;
				CLANG_WARN__DUPLICATE_METHOD_MATCH = YES;
				"CODE_SIGN_IDENTITY[sdk=iphoneos*]" = "iPhone Developer";
				COPY_PHASE_STRIP = NO;
				DEBUG_INFORMATION_FORMAT = "dwarf-with-dsym";
				ENABLE_NS_ASSERTIONS = NO;
				ENABLE_STRICT_OBJC_MSGSEND = YES;
				GCC_C_LANGUAGE_STANDARD = gnu99;
				GCC_NO_COMMON_BLOCKS = YES;
				GCC_WARN_64_TO_32_BIT_CONVERSION = YES;
				GCC_WARN_ABOUT_RETURN_TYPE = YES_ERROR;
				GCC_WARN_UNDECLARED_SELECTOR = YES;
				GCC_WARN_UNINITIALIZED_AUTOS = YES_AGGRESSIVE;
				GCC_WARN_UNUSED_FUNCTION = YES;
				GCC_WARN_UNUSED_VARIABLE = YES;
				IPHONEOS_DEPLOYMENT_TARGET = 10.0;
				MTL_ENABLE_DEBUG_INFO = NO;
				SDKROOT = iphoneos;
				SWIFT_OPTIMIZATION_LEVEL = "-Owholemodule";
				TARGETED_DEVICE_FAMILY = "1,2";
				VALIDATE_PRODUCT = YES;
			};
			name = Release;
		};
		2BD77AC41D934005007F15FA /* Debug */ = {
			isa = XCBuildConfiguration;
			baseConfigurationReference = 4EEFA7346C9D8E259C783A92 /* Pods-AirbnbNano.debug.xcconfig */;
			buildSettings = {
				ASSETCATALOG_COMPILER_APPICON_NAME = AppIcon;
				CODE_SIGN_ENTITLEMENTS = AirbnbNano/AirbnbNano.entitlements;
				DEVELOPMENT_TEAM = AQUE4FE98B;
				FRAMEWORK_SEARCH_PATHS = (
					"$(inherited)",
					"$(PROJECT_DIR)",
				);
				INFOPLIST_FILE = AirbnbNano/Info.plist;
				LD_RUNPATH_SEARCH_PATHS = "$(inherited) @executable_path/Frameworks";
				PRODUCT_BUNDLE_IDENTIFIER = io.zheref.AirbnbNano;
				PRODUCT_NAME = "$(TARGET_NAME)";
				SWIFT_VERSION = 3.0;
			};
			name = Debug;
		};
		2BD77AC51D934005007F15FA /* Release */ = {
			isa = XCBuildConfiguration;
			baseConfigurationReference = 7B9FBEFDA125B51F439D13C1 /* Pods-AirbnbNano.release.xcconfig */;
			buildSettings = {
				ASSETCATALOG_COMPILER_APPICON_NAME = AppIcon;
				CODE_SIGN_ENTITLEMENTS = AirbnbNano/AirbnbNano.entitlements;
				DEVELOPMENT_TEAM = AQUE4FE98B;
				FRAMEWORK_SEARCH_PATHS = (
					"$(inherited)",
					"$(PROJECT_DIR)",
				);
				INFOPLIST_FILE = AirbnbNano/Info.plist;
				LD_RUNPATH_SEARCH_PATHS = "$(inherited) @executable_path/Frameworks";
				PRODUCT_BUNDLE_IDENTIFIER = io.zheref.AirbnbNano;
				PRODUCT_NAME = "$(TARGET_NAME)";
				SWIFT_VERSION = 3.0;
			};
			name = Release;
		};
		2BD77AC71D934005007F15FA /* Debug */ = {
			isa = XCBuildConfiguration;
			baseConfigurationReference = 84A695C79266B92664E2D4F4 /* Pods-AirbnbNanoTests.debug.xcconfig */;
			buildSettings = {
				ALWAYS_EMBED_SWIFT_STANDARD_LIBRARIES = YES;
				BUNDLE_LOADER = "$(TEST_HOST)";
				DEVELOPMENT_TEAM = AQUE4FE98B;
				INFOPLIST_FILE = AirbnbNanoTests/Info.plist;
				LD_RUNPATH_SEARCH_PATHS = "$(inherited) @executable_path/Frameworks @loader_path/Frameworks";
				PRODUCT_BUNDLE_IDENTIFIER = io.zheref.AirbnbNanoTests;
				PRODUCT_NAME = "$(TARGET_NAME)";
				SWIFT_VERSION = 3.0;
				TEST_HOST = "$(BUILT_PRODUCTS_DIR)/AirbnbNano.app/AirbnbNano";
			};
			name = Debug;
		};
		2BD77AC81D934005007F15FA /* Release */ = {
			isa = XCBuildConfiguration;
			baseConfigurationReference = 24B44A1CCFBA00D428926C86 /* Pods-AirbnbNanoTests.release.xcconfig */;
			buildSettings = {
				ALWAYS_EMBED_SWIFT_STANDARD_LIBRARIES = YES;
				BUNDLE_LOADER = "$(TEST_HOST)";
				DEVELOPMENT_TEAM = AQUE4FE98B;
				INFOPLIST_FILE = AirbnbNanoTests/Info.plist;
				LD_RUNPATH_SEARCH_PATHS = "$(inherited) @executable_path/Frameworks @loader_path/Frameworks";
				PRODUCT_BUNDLE_IDENTIFIER = io.zheref.AirbnbNanoTests;
				PRODUCT_NAME = "$(TARGET_NAME)";
				SWIFT_VERSION = 3.0;
				TEST_HOST = "$(BUILT_PRODUCTS_DIR)/AirbnbNano.app/AirbnbNano";
			};
			name = Release;
		};
		2BD77ACA1D934005007F15FA /* Debug */ = {
			isa = XCBuildConfiguration;
			baseConfigurationReference = 1240A3CF872B2006357C6843 /* Pods-AirbnbNanoUITests.debug.xcconfig */;
			buildSettings = {
				ALWAYS_EMBED_SWIFT_STANDARD_LIBRARIES = YES;
				DEVELOPMENT_TEAM = AQUE4FE98B;
				INFOPLIST_FILE = AirbnbNanoUITests/Info.plist;
				LD_RUNPATH_SEARCH_PATHS = "$(inherited) @executable_path/Frameworks @loader_path/Frameworks";
				PRODUCT_BUNDLE_IDENTIFIER = io.zheref.AirbnbNanoUITests;
				PRODUCT_NAME = "$(TARGET_NAME)";
				SWIFT_VERSION = 3.0;
				TEST_TARGET_NAME = AirbnbNano;
			};
			name = Debug;
		};
		2BD77ACB1D934005007F15FA /* Release */ = {
			isa = XCBuildConfiguration;
			baseConfigurationReference = 03ACBDD2CBB862B8AADEF8BA /* Pods-AirbnbNanoUITests.release.xcconfig */;
			buildSettings = {
				ALWAYS_EMBED_SWIFT_STANDARD_LIBRARIES = YES;
				DEVELOPMENT_TEAM = AQUE4FE98B;
				INFOPLIST_FILE = AirbnbNanoUITests/Info.plist;
				LD_RUNPATH_SEARCH_PATHS = "$(inherited) @executable_path/Frameworks @loader_path/Frameworks";
				PRODUCT_BUNDLE_IDENTIFIER = io.zheref.AirbnbNanoUITests;
				PRODUCT_NAME = "$(TARGET_NAME)";
				SWIFT_VERSION = 3.0;
				TEST_TARGET_NAME = AirbnbNano;
			};
			name = Release;
		};
/* End XCBuildConfiguration section */

/* Begin XCConfigurationList section */
		2BD77A931D934005007F15FA /* Build configuration list for PBXProject "AirbnbNano" */ = {
			isa = XCConfigurationList;
			buildConfigurations = (
				2BD77AC11D934005007F15FA /* Debug */,
				2BD77AC21D934005007F15FA /* Release */,
			);
			defaultConfigurationIsVisible = 0;
			defaultConfigurationName = Release;
		};
		2BD77AC31D934005007F15FA /* Build configuration list for PBXNativeTarget "AirbnbNano" */ = {
			isa = XCConfigurationList;
			buildConfigurations = (
				2BD77AC41D934005007F15FA /* Debug */,
				2BD77AC51D934005007F15FA /* Release */,
			);
			defaultConfigurationIsVisible = 0;
			defaultConfigurationName = Release;
		};
		2BD77AC61D934005007F15FA /* Build configuration list for PBXNativeTarget "AirbnbNanoTests" */ = {
			isa = XCConfigurationList;
			buildConfigurations = (
				2BD77AC71D934005007F15FA /* Debug */,
				2BD77AC81D934005007F15FA /* Release */,
			);
			defaultConfigurationIsVisible = 0;
			defaultConfigurationName = Release;
		};
		2BD77AC91D934005007F15FA /* Build configuration list for PBXNativeTarget "AirbnbNanoUITests" */ = {
			isa = XCConfigurationList;
			buildConfigurations = (
				2BD77ACA1D934005007F15FA /* Debug */,
				2BD77ACB1D934005007F15FA /* Release */,
			);
			defaultConfigurationIsVisible = 0;
			defaultConfigurationName = Release;
		};
/* End XCConfigurationList section */

/* Begin XCVersionGroup section */
		2BD77AA21D934005007F15FA /* AirbnbNano.xcdatamodeld */ = {
			isa = XCVersionGroup;
			children = (
				2BD77AA31D934005007F15FA /* AirbnbNano.xcdatamodel */,
			);
			currentVersion = 2BD77AA31D934005007F15FA /* AirbnbNano.xcdatamodel */;
			path = AirbnbNano.xcdatamodeld;
			sourceTree = "<group>";
			versionGroupType = wrapper.xcdatamodel;
		};
/* End XCVersionGroup section */
	};
	rootObject = 2BD77A901D934005007F15FA /* Project object */;
}
